
Microsoft Visual Studio Solution File, Format Version 12.00
# Visual Studio Version 16
VisualStudioVersion = 16.0.29613.14
MinimumVisualStudioVersion = 10.0.40219.1
Project("{FAE04EC0-301F-11D3-BF4B-00C04F79EFBC}") = "CodeWars", "CodeWars\CodeWars.csproj", "{FAB6CD33-A4CA-4444-8AF6-B412E4D1808A}"
EndProject
Global
	GlobalSection(SolutionConfigurationPlatforms) = preSolution
		Debug|Any CPU = Debug|Any CPU
		Release|Any CPU = Release|Any CPU
	EndGlobalSection
	GlobalSection(ProjectConfigurationPlatforms) = postSolution
		{FAB6CD33-A4CA-4444-8AF6-B412E4D1808A}.Debug|Any CPU.ActiveCfg = Debug|Any CPU
		{FAB6CD33-A4CA-4444-8AF6-B412E4D1808A}.Debug|Any CPU.Build.0 = Debug|Any CPU
		{FAB6CD33-A4CA-4444-8AF6-B412E4D1808A}.Release|Any CPU.ActiveCfg = Release|Any CPU
		{FAB6CD33-A4CA-4444-8AF6-B412E4D1808A}.Release|Any CPU.Build.0 = Release|Any CPU
	EndGlobalSection
	GlobalSection(SolutionProperties) = preSolution
		HideSolutionNode = FALSE
	EndGlobalSection
	GlobalSection(ExtensibilityGlobals) = postSolution
		SolutionGuid = {CC50C705-C48B-4C1B-81F4-375C2B373DC9}
	EndGlobalSection
EndGlobal
